{
  "pins" : [
    {
      "identity" : "nubrick-ios",
      "kind" : "remoteSourceControl",
      "location" : "https://github.com/plaidev/nubrick-ios.git",
      "state" : {
        "revision" : "71d201b739f760ab53bfdb663f5781a76fb62a4e",
        "version" : "0.14.0"
      }
    }
  ],
  "version" : 2
}
