{
  "pins" : [
    {
      "identity" : "nubrick-ios",
      "kind" : "remoteSourceControl",
      "location" : "https://github.com/plaidev/nubrick-ios.git",
      "state" : {
        "revision" : "25b6fa83b67581f4e82a2b830313a89a80be49f5",
        "version" : "0.15.3"
      }
    }
  ],
  "version" : 2
}
