{
  "pins" : [
    {
      "identity" : "nubrick-ios",
      "kind" : "remoteSourceControl",
      "location" : "https://github.com/plaidev/nubrick-ios.git",
      "state" : {
        "revision" : "1e5cc7e0bc8ba798ace355881a3a138e83d3ba5a",
        "version" : "0.16.2"
      }
    }
  ],
  "version" : 2
}
