{
  "pins" : [
    {
      "identity" : "nubrick-ios",
      "kind" : "remoteSourceControl",
      "location" : "https://github.com/plaidev/nubrick-ios.git",
      "state" : {
        "revision" : "aacabc53fecd28b3b00e56df812e3da00410e80e",
        "version" : "0.19.12"
      }
    }
  ],
  "version" : 2
}
