{
  "pins" : [
    {
      "identity" : "nubrick-ios",
      "kind" : "remoteSourceControl",
      "location" : "https://github.com/plaidev/nubrick-ios.git",
      "state" : {
        "revision" : "604e3b71d2b901c8058fc041f518679a16eb64df",
        "version" : "0.19.20"
      }
    }
  ],
  "version" : 2
}
