{
  "pins" : [
    {
      "identity" : "nubrick-ios",
      "kind" : "remoteSourceControl",
      "location" : "https://github.com/plaidev/nubrick-ios.git",
      "state" : {
        "revision" : "f980e854bff81be7d6c079ea910b4484c13ad6d4",
        "version" : "0.19.5"
      }
    }
  ],
  "version" : 2
}
