{
  "pins" : [
    {
      "identity" : "nubrick-ios",
      "kind" : "remoteSourceControl",
      "location" : "https://github.com/plaidev/nubrick-ios.git",
      "state" : {
        "revision" : "0d1ef029960ecb251c14a52e073e51ed1b8cb46c",
        "version" : "0.19.4"
      }
    }
  ],
  "version" : 2
}
