{
  "pins" : [
    {
      "identity" : "nubrick-ios",
      "kind" : "remoteSourceControl",
      "location" : "https://github.com/plaidev/nubrick-ios.git",
      "state" : {
        "revision" : "285f1c3078f40b54da06007f739f218647fbf3ef",
        "version" : "0.18.3"
      }
    }
  ],
  "version" : 2
}
