PODS:
  - Flutter (1.0.0)
  - integration_test (0.0.1):
    - Flutter
  - Nubrick (0.16.1)
  - nubrick_flutter (0.0.1):
    - Flutter
    - Nubrick (= 0.16.1)

DEPENDENCIES:
  - Flutter (from `Flutter`)
  - integration_test (from `.symlinks/plugins/integration_test/ios`)
  - nubrick_flutter (from `.symlinks/plugins/nubrick_flutter/ios`)

SPEC REPOS:
  trunk:
    - Nubrick

EXTERNAL SOURCES:
  Flutter:
    :path: Flutter
  integration_test:
    :path: ".symlinks/plugins/integration_test/ios"
  nubrick_flutter:
    :path: ".symlinks/plugins/nubrick_flutter/ios"

SPEC CHECKSUMS:
  Flutter: cabc95a1d2626b1b06e7179b784ebcf0c0cde467
  integration_test: 4a889634ef21a45d28d50d622cf412dc6d9f586e
  Nubrick: b8772f25af520d0238f3919d7606613600cf3bc0
  nubrick_flutter: f4735f6a99e99adc9c55e203f6407b954b339afd

PODFILE CHECKSUM: 1959d098c91d8a792531a723c4a9d7e9f6a01e38

COCOAPODS: 1.16.2
