PODS:
  - Flutter (1.0.0)
  - Nubrick (0.16.1)
  - nubrick_flutter (0.0.1):
    - Flutter
    - Nubrick (= 0.16.1)

DEPENDENCIES:
  - Flutter (from `Flutter`)
  - nubrick_flutter (from `.symlinks/plugins/nubrick_flutter/ios`)

SPEC REPOS:
  trunk:
    - Nubrick

EXTERNAL SOURCES:
  Flutter:
    :path: Flutter
  nubrick_flutter:
    :path: ".symlinks/plugins/nubrick_flutter/ios"

SPEC CHECKSUMS:
  Flutter: cabc95a1d2626b1b06e7179b784ebcf0c0cde467
  Nubrick: b8772f25af520d0238f3919d7606613600cf3bc0
  nubrick_flutter: f4735f6a99e99adc9c55e203f6407b954b339afd

PODFILE CHECKSUM: 3c63482e143d1b91d2d2560aee9fb04ecc74ac7e

COCOAPODS: 1.16.2
