PODS:
  - Flutter (1.0.0)
  - nativebrik_bridge (0.0.1):
    - Flutter
    - Nubrick (~> 0.13.0)
  - Nubrick (0.13.0):
    - Yoga (~> 3.2.1)
  - Yoga (3.2.1)

DEPENDENCIES:
  - Flutter (from `Flutter`)
  - nativebrik_bridge (from `.symlinks/plugins/nativebrik_bridge/ios`)

SPEC REPOS:
  trunk:
    - Nubrick
    - Yoga

EXTERNAL SOURCES:
  Flutter:
    :path: Flutter
  nativebrik_bridge:
    :path: ".symlinks/plugins/nativebrik_bridge/ios"

SPEC CHECKSUMS:
  Flutter: e0871f40cf51350855a761d2e70bf5af5b9b5de7
  nativebrik_bridge: a1cfaec77f000f63e662291b333d27ec6965300e
  Nubrick: 6f4ac5511b516dcb6ce3fa9e152cb37bcb051d3a
  Yoga: 636ce73bd247407928a7df089f3bc3675916b3ff

PODFILE CHECKSUM: 4305caec6b40dde0ae97be1573c53de1882a07e5

COCOAPODS: 1.16.2
