{
  "pins" : [
    {
      "identity" : "nubrick-ios",
      "kind" : "remoteSourceControl",
      "location" : "https://github.com/plaidev/nubrick-ios.git",
      "state" : {
        "revision" : "fd48c942076311551ca889331c4d2bc2332562d9",
        "version" : "0.19.2"
      }
    }
  ],
  "version" : 2
}
