{
  "pins" : [
    {
      "identity" : "nubrick-ios",
      "kind" : "remoteSourceControl",
      "location" : "https://github.com/plaidev/nubrick-ios.git",
      "state" : {
        "revision" : "766c90de1739febeccadfca47af1d1a0e47cb40c",
        "version" : "0.18.5"
      }
    }
  ],
  "version" : 2
}
