{
  "pins" : [
    {
      "identity" : "nubrick-ios",
      "kind" : "remoteSourceControl",
      "location" : "https://github.com/plaidev/nubrick-ios.git",
      "state" : {
        "revision" : "533a5556ee040b6a883a98b599f5afe4f348a705",
        "version" : "0.18.4"
      }
    }
  ],
  "version" : 2
}
