{
  "pins" : [
    {
      "identity" : "nubrick-ios",
      "kind" : "remoteSourceControl",
      "location" : "https://github.com/plaidev/nubrick-ios.git",
      "state" : {
        "revision" : "791844d4d93900b80ff1edb35ed6cf4da9fbf1e2",
        "version" : "0.19.9"
      }
    }
  ],
  "version" : 2
}
