{
  "pins" : [
    {
      "identity" : "nubrick-ios",
      "kind" : "remoteSourceControl",
      "location" : "https://github.com/plaidev/nubrick-ios.git",
      "state" : {
        "revision" : "ffdf831a120505a4033d9f72b568b1a184c8a02d",
        "version" : "0.19.11"
      }
    }
  ],
  "version" : 2
}
