{
  "pins" : [
    {
      "identity" : "nubrick-ios",
      "kind" : "remoteSourceControl",
      "location" : "https://github.com/plaidev/nubrick-ios.git",
      "state" : {
        "revision" : "70523f31be7694acdf8d359ed4e8414cd54a573a",
        "version" : "0.15.2"
      }
    }
  ],
  "version" : 2
}
