{
  "pins" : [
    {
      "identity" : "nubrick-ios",
      "kind" : "remoteSourceControl",
      "location" : "https://github.com/plaidev/nubrick-ios.git",
      "state" : {
        "revision" : "58f043163e430204512a4b378be36ba62bb5c704",
        "version" : "0.14.2"
      }
    }
  ],
  "version" : 2
}
