{
  "pins" : [
    {
      "identity" : "nubrick-ios",
      "kind" : "remoteSourceControl",
      "location" : "https://github.com/plaidev/nubrick-ios.git",
      "state" : {
        "revision" : "cc86fbf2dfbdfde01d1e828117f7a615b53dbf66",
        "version" : "0.14.3"
      }
    }
  ],
  "version" : 2
}
